# THIS IS AN AUTOGENERATED FILE. DO NOT EDIT THIS FILE DIRECTLY.
# yarn lockfile v1


lucide-react@^0.534.0:
  version "0.534.0"
  resolved "https://registry.yarnpkg.com/lucide-react/-/lucide-react-0.534.0.tgz#87b5083e20f97af294d91de43c7d1fbd049ed359"
  integrity sha512-4Bz7rujQ/mXHqCwjx09ih/Q9SCizz9CjBV5repw9YSHZZZaop9/Oj0RgCDt6WdEaeAPfbcZ8l2b4jzApStqgNw==
